
Microsoft Visual Studio Solution File, Format Version 12.00
Project("{FAE04EC0-301F-11D3-BF4B-00C04F79EFBC}") = "eroller", "eroller\eroller.csproj", "{CF018BB5-428F-46D5-A9EC-7914EF4F0FA7}"
EndProject
Project("{FAE04EC0-301F-11D3-BF4B-00C04F79EFBC}") = "eroller.tests", "eroller.tests\eroller.tests.csproj", "{544379E8-D1A9-480B-BB10-FB7725040722}"
EndProject
Global
	GlobalSection(SolutionConfigurationPlatforms) = preSolution
		Debug|Any CPU = Debug|Any CPU
		Release|Any CPU = Release|Any CPU
	EndGlobalSection
	GlobalSection(ProjectConfigurationPlatforms) = postSolution
		{CF018BB5-428F-46D5-A9EC-7914EF4F0FA7}.Debug|Any CPU.ActiveCfg = Debug|Any CPU
		{CF018BB5-428F-46D5-A9EC-7914EF4F0FA7}.Debug|Any CPU.Build.0 = Debug|Any CPU
		{CF018BB5-428F-46D5-A9EC-7914EF4F0FA7}.Release|Any CPU.ActiveCfg = Release|Any CPU
		{CF018BB5-428F-46D5-A9EC-7914EF4F0FA7}.Release|Any CPU.Build.0 = Release|Any CPU
		{544379E8-D1A9-480B-BB10-FB7725040722}.Debug|Any CPU.ActiveCfg = Debug|Any CPU
		{544379E8-D1A9-480B-BB10-FB7725040722}.Debug|Any CPU.Build.0 = Debug|Any CPU
		{544379E8-D1A9-480B-BB10-FB7725040722}.Release|Any CPU.ActiveCfg = Release|Any CPU
		{544379E8-D1A9-480B-BB10-FB7725040722}.Release|Any CPU.Build.0 = Release|Any CPU
	EndGlobalSection
EndGlobal
